
Microsoft Visual Studio Solution File, Format Version 12.00
# Visual Studio Version 17
VisualStudioVersion = 17.13.35931.197 d17.13
MinimumVisualStudioVersion = 10.0.40219.1
Project("{FAE04EC0-301F-11D3-BF4B-00C04F79EFBC}") = "GitMaster", "GitMaster.csproj", "{D4D00622-E03D-91D6-A0FA-6318F3B68718}"
EndProject
Global
	GlobalSection(SolutionConfigurationPlatforms) = preSolution
		Debug|Any CPU = Debug|Any CPU
		Release|Any CPU = Release|Any CPU
	EndGlobalSection
	GlobalSection(ProjectConfigurationPlatforms) = postSolution
		{D4D00622-E03D-91D6-A0FA-6318F3B68718}.Debug|Any CPU.ActiveCfg = Debug|Any CPU
		{D4D00622-E03D-91D6-A0FA-6318F3B68718}.Debug|Any CPU.Build.0 = Debug|Any CPU
		{D4D00622-E03D-91D6-A0FA-6318F3B68718}.Release|Any CPU.ActiveCfg = Release|Any CPU
		{D4D00622-E03D-91D6-A0FA-6318F3B68718}.Release|Any CPU.Build.0 = Release|Any CPU
	EndGlobalSection
	GlobalSection(SolutionProperties) = preSolution
		HideSolutionNode = FALSE
	EndGlobalSection
	GlobalSection(ExtensibilityGlobals) = postSolution
		SolutionGuid = {2890D649-6289-4CBC-AC3B-3268406B4903}
	EndGlobalSection
EndGlobal
